
Microsoft Visual Studio Solution File, Format Version 12.00
# Visual Studio 15
VisualStudioVersion = 15.0.28218.60
MinimumVisualStudioVersion = 10.0.40219.1
Project("{2150E333-8FDC-42A3-9474-1A3956D46DE8}") = "Microservices", "Microservices", "{214B4477-8F3B-47C5-9BB2-7A7B224905A2}"
EndProject
Project("{2150E333-8FDC-42A3-9474-1A3956D46DE8}") = "Domain", "Domain", "{C2AFD5A4-586F-4CC6-9A3C-CE4350D73CDE}"
EndProject
Project("{2150E333-8FDC-42A3-9474-1A3956D46DE8}") = "Infra.Bus", "Infra.Bus", "{6CD8D8FE-B30B-4A0E-A877-195B22526533}"
EndProject
Project("{2150E333-8FDC-42A3-9474-1A3956D46DE8}") = "Infra.IOC", "Infra.IOC", "{B83B2A45-52F0-4E70-9438-9FA8817E47C5}"
EndProject
Project("{2150E333-8FDC-42A3-9474-1A3956D46DE8}") = "Presentation", "Presentation", "{E724F358-8FCA-4AD6-BAFB-4FFC5AEB1886}"
EndProject
Project("{9A19103F-16F7-4668-BE54-9A1E7A4F7556}") = "MicroRabbit.Domain.Core", "MicroRabbit.Domain.Core\MicroRabbit.Domain.Core.csproj", "{A39C9684-5F23-4F4F-B764-95D7D4E75200}"
EndProject
Project("{9A19103F-16F7-4668-BE54-9A1E7A4F7556}") = "MicroRabbit.Infra.Bus", "MicroRabbit.Infra.Bus\MicroRabbit.Infra.Bus.csproj", "{46C37A67-17C2-4B5C-967F-5D9E0B166C00}"
EndProject
Project("{9A19103F-16F7-4668-BE54-9A1E7A4F7556}") = "MicroRabbit.Infra.IoC", "MicroRabbit.Infra.IoC\MicroRabbit.Infra.IoC.csproj", "{2B7FEE8E-C26A-491B-9FB2-A5678A7731E6}"
EndProject
Project("{2150E333-8FDC-42A3-9474-1A3956D46DE8}") = "Banking", "Banking", "{70745CDF-BE21-4D68-BFC6-105161822EBB}"
EndProject
Project("{2150E333-8FDC-42A3-9474-1A3956D46DE8}") = "Api", "Api", "{DC735060-77DD-4605-8AE0-7684806FE0BD}"
EndProject
Project("{2150E333-8FDC-42A3-9474-1A3956D46DE8}") = "Application", "Application", "{C58996D2-A613-4F3B-AADB-626DAB6D0967}"
EndProject
Project("{2150E333-8FDC-42A3-9474-1A3956D46DE8}") = "Data", "Data", "{8739D523-6A9F-48F3-861F-EDD80E939C26}"
EndProject
Project("{2150E333-8FDC-42A3-9474-1A3956D46DE8}") = "Domain", "Domain", "{4426C210-E826-4CDB-ADCF-FF623C7A588F}"
EndProject
Project("{9A19103F-16F7-4668-BE54-9A1E7A4F7556}") = "MicroRabbit.Banking.Api", "MicroRabbit.Banking.Api\MicroRabbit.Banking.Api.csproj", "{0D6C716A-8453-4A88-B432-9985D06B733C}"
EndProject
Project("{9A19103F-16F7-4668-BE54-9A1E7A4F7556}") = "MicroRabbit.Banking.Application", "MicroRabbit.Banking.Application\MicroRabbit.Banking.Application.csproj", "{FBB0313E-31FF-4C17-85D1-14255E4A3D32}"
EndProject
Project("{9A19103F-16F7-4668-BE54-9A1E7A4F7556}") = "MicroRabbit.Banking.Data", "MicroRabbit.Banking.Data\MicroRabbit.Banking.Data.csproj", "{7175AF21-B6D5-434D-AE35-97709663749F}"
EndProject
Project("{9A19103F-16F7-4668-BE54-9A1E7A4F7556}") = "MicroRabbit.Banking.Domain", "MicroRabbit.Banking.Domain\MicroRabbit.Banking.Domain.csproj", "{24C40C18-28A2-4ACB-BEFD-06566D0A7D63}"
EndProject
Project("{2150E333-8FDC-42A3-9474-1A3956D46DE8}") = "Transfer", "Transfer", "{C7F5FAD7-5846-41E8-B817-98927B8FF41E}"
EndProject
Project("{2150E333-8FDC-42A3-9474-1A3956D46DE8}") = "Api", "Api", "{0A406C53-22C1-45F7-9419-BB5069BBC171}"
EndProject
Project("{2150E333-8FDC-42A3-9474-1A3956D46DE8}") = "Application", "Application", "{DCC34C26-E3F3-446F-BEFA-959896475AB3}"
EndProject
Project("{2150E333-8FDC-42A3-9474-1A3956D46DE8}") = "Data", "Data", "{D7FEDB19-CF6F-43A4-BD43-1BD8B1CABCA5}"
EndProject
Project("{2150E333-8FDC-42A3-9474-1A3956D46DE8}") = "Domain", "Domain", "{DB0DFFD8-5F01-4981-9A38-1C266C298396}"
EndProject
Project("{FAE04EC0-301F-11D3-BF4B-00C04F79EFBC}") = "MicroRabbit.Transfer.Api", "MicroRabbit.TRansfer.Api\MicroRabbit.Transfer.Api.csproj", "{A7F610E5-B5A2-4682-85A4-405D5B6587A8}"
EndProject
Project("{FAE04EC0-301F-11D3-BF4B-00C04F79EFBC}") = "MicroRabbit.Transfer.Application", "MicroRabbit.Transfer.Application\MicroRabbit.Transfer.Application.csproj", "{B9A8DE37-1FFE-4BAE-9E80-C2781D67D9E4}"
EndProject
Project("{FAE04EC0-301F-11D3-BF4B-00C04F79EFBC}") = "MicroRabbit.Transfer.Data", "MicroRabbit.Transfer.Data\MicroRabbit.Transfer.Data.csproj", "{D27DE241-D22B-4A07-A738-40C7257D0557}"
EndProject
Project("{FAE04EC0-301F-11D3-BF4B-00C04F79EFBC}") = "MicroRabbit.Transfer.Rabbit", "MicroRabbit.Transfer.Rabbit\MicroRabbit.Transfer.Rabbit.csproj", "{5C0AA1F7-E9BD-40E5-86D2-7E0399668BD9}"
EndProject
Global
	GlobalSection(SolutionConfigurationPlatforms) = preSolution
		Debug|Any CPU = Debug|Any CPU
		Release|Any CPU = Release|Any CPU
	EndGlobalSection
	GlobalSection(ProjectConfigurationPlatforms) = postSolution
		{A39C9684-5F23-4F4F-B764-95D7D4E75200}.Debug|Any CPU.ActiveCfg = Debug|Any CPU
		{A39C9684-5F23-4F4F-B764-95D7D4E75200}.Debug|Any CPU.Build.0 = Debug|Any CPU
		{A39C9684-5F23-4F4F-B764-95D7D4E75200}.Release|Any CPU.ActiveCfg = Release|Any CPU
		{A39C9684-5F23-4F4F-B764-95D7D4E75200}.Release|Any CPU.Build.0 = Release|Any CPU
		{46C37A67-17C2-4B5C-967F-5D9E0B166C00}.Debug|Any CPU.ActiveCfg = Debug|Any CPU
		{46C37A67-17C2-4B5C-967F-5D9E0B166C00}.Debug|Any CPU.Build.0 = Debug|Any CPU
		{46C37A67-17C2-4B5C-967F-5D9E0B166C00}.Release|Any CPU.ActiveCfg = Release|Any CPU
		{46C37A67-17C2-4B5C-967F-5D9E0B166C00}.Release|Any CPU.Build.0 = Release|Any CPU
		{2B7FEE8E-C26A-491B-9FB2-A5678A7731E6}.Debug|Any CPU.ActiveCfg = Debug|Any CPU
		{2B7FEE8E-C26A-491B-9FB2-A5678A7731E6}.Debug|Any CPU.Build.0 = Debug|Any CPU
		{2B7FEE8E-C26A-491B-9FB2-A5678A7731E6}.Release|Any CPU.ActiveCfg = Release|Any CPU
		{2B7FEE8E-C26A-491B-9FB2-A5678A7731E6}.Release|Any CPU.Build.0 = Release|Any CPU
		{0D6C716A-8453-4A88-B432-9985D06B733C}.Debug|Any CPU.ActiveCfg = Debug|Any CPU
		{0D6C716A-8453-4A88-B432-9985D06B733C}.Debug|Any CPU.Build.0 = Debug|Any CPU
		{0D6C716A-8453-4A88-B432-9985D06B733C}.Release|Any CPU.ActiveCfg = Release|Any CPU
		{0D6C716A-8453-4A88-B432-9985D06B733C}.Release|Any CPU.Build.0 = Release|Any CPU
		{FBB0313E-31FF-4C17-85D1-14255E4A3D32}.Debug|Any CPU.ActiveCfg = Debug|Any CPU
		{FBB0313E-31FF-4C17-85D1-14255E4A3D32}.Debug|Any CPU.Build.0 = Debug|Any CPU
		{FBB0313E-31FF-4C17-85D1-14255E4A3D32}.Release|Any CPU.ActiveCfg = Release|Any CPU
		{FBB0313E-31FF-4C17-85D1-14255E4A3D32}.Release|Any CPU.Build.0 = Release|Any CPU
		{7175AF21-B6D5-434D-AE35-97709663749F}.Debug|Any CPU.ActiveCfg = Debug|Any CPU
		{7175AF21-B6D5-434D-AE35-97709663749F}.Debug|Any CPU.Build.0 = Debug|Any CPU
		{7175AF21-B6D5-434D-AE35-97709663749F}.Release|Any CPU.ActiveCfg = Release|Any CPU
		{7175AF21-B6D5-434D-AE35-97709663749F}.Release|Any CPU.Build.0 = Release|Any CPU
		{24C40C18-28A2-4ACB-BEFD-06566D0A7D63}.Debug|Any CPU.ActiveCfg = Debug|Any CPU
		{24C40C18-28A2-4ACB-BEFD-06566D0A7D63}.Debug|Any CPU.Build.0 = Debug|Any CPU
		{24C40C18-28A2-4ACB-BEFD-06566D0A7D63}.Release|Any CPU.ActiveCfg = Release|Any CPU
		{24C40C18-28A2-4ACB-BEFD-06566D0A7D63}.Release|Any CPU.Build.0 = Release|Any CPU
		{A7F610E5-B5A2-4682-85A4-405D5B6587A8}.Debug|Any CPU.ActiveCfg = Debug|Any CPU
		{A7F610E5-B5A2-4682-85A4-405D5B6587A8}.Debug|Any CPU.Build.0 = Debug|Any CPU
		{A7F610E5-B5A2-4682-85A4-405D5B6587A8}.Release|Any CPU.ActiveCfg = Release|Any CPU
		{A7F610E5-B5A2-4682-85A4-405D5B6587A8}.Release|Any CPU.Build.0 = Release|Any CPU
		{B9A8DE37-1FFE-4BAE-9E80-C2781D67D9E4}.Debug|Any CPU.ActiveCfg = Debug|Any CPU
		{B9A8DE37-1FFE-4BAE-9E80-C2781D67D9E4}.Debug|Any CPU.Build.0 = Debug|Any CPU
		{B9A8DE37-1FFE-4BAE-9E80-C2781D67D9E4}.Release|Any CPU.ActiveCfg = Release|Any CPU
		{B9A8DE37-1FFE-4BAE-9E80-C2781D67D9E4}.Release|Any CPU.Build.0 = Release|Any CPU
		{D27DE241-D22B-4A07-A738-40C7257D0557}.Debug|Any CPU.ActiveCfg = Debug|Any CPU
		{D27DE241-D22B-4A07-A738-40C7257D0557}.Debug|Any CPU.Build.0 = Debug|Any CPU
		{D27DE241-D22B-4A07-A738-40C7257D0557}.Release|Any CPU.ActiveCfg = Release|Any CPU
		{D27DE241-D22B-4A07-A738-40C7257D0557}.Release|Any CPU.Build.0 = Release|Any CPU
		{5C0AA1F7-E9BD-40E5-86D2-7E0399668BD9}.Debug|Any CPU.ActiveCfg = Debug|Any CPU
		{5C0AA1F7-E9BD-40E5-86D2-7E0399668BD9}.Debug|Any CPU.Build.0 = Debug|Any CPU
		{5C0AA1F7-E9BD-40E5-86D2-7E0399668BD9}.Release|Any CPU.ActiveCfg = Release|Any CPU
		{5C0AA1F7-E9BD-40E5-86D2-7E0399668BD9}.Release|Any CPU.Build.0 = Release|Any CPU
	EndGlobalSection
	GlobalSection(SolutionProperties) = preSolution
		HideSolutionNode = FALSE
	EndGlobalSection
	GlobalSection(NestedProjects) = preSolution
		{A39C9684-5F23-4F4F-B764-95D7D4E75200} = {C2AFD5A4-586F-4CC6-9A3C-CE4350D73CDE}
		{46C37A67-17C2-4B5C-967F-5D9E0B166C00} = {6CD8D8FE-B30B-4A0E-A877-195B22526533}
		{2B7FEE8E-C26A-491B-9FB2-A5678A7731E6} = {B83B2A45-52F0-4E70-9438-9FA8817E47C5}
		{70745CDF-BE21-4D68-BFC6-105161822EBB} = {214B4477-8F3B-47C5-9BB2-7A7B224905A2}
		{DC735060-77DD-4605-8AE0-7684806FE0BD} = {70745CDF-BE21-4D68-BFC6-105161822EBB}
		{C58996D2-A613-4F3B-AADB-626DAB6D0967} = {70745CDF-BE21-4D68-BFC6-105161822EBB}
		{8739D523-6A9F-48F3-861F-EDD80E939C26} = {70745CDF-BE21-4D68-BFC6-105161822EBB}
		{4426C210-E826-4CDB-ADCF-FF623C7A588F} = {70745CDF-BE21-4D68-BFC6-105161822EBB}
		{0D6C716A-8453-4A88-B432-9985D06B733C} = {DC735060-77DD-4605-8AE0-7684806FE0BD}
		{FBB0313E-31FF-4C17-85D1-14255E4A3D32} = {C58996D2-A613-4F3B-AADB-626DAB6D0967}
		{7175AF21-B6D5-434D-AE35-97709663749F} = {8739D523-6A9F-48F3-861F-EDD80E939C26}
		{24C40C18-28A2-4ACB-BEFD-06566D0A7D63} = {4426C210-E826-4CDB-ADCF-FF623C7A588F}
		{C7F5FAD7-5846-41E8-B817-98927B8FF41E} = {214B4477-8F3B-47C5-9BB2-7A7B224905A2}
		{0A406C53-22C1-45F7-9419-BB5069BBC171} = {C7F5FAD7-5846-41E8-B817-98927B8FF41E}
		{DCC34C26-E3F3-446F-BEFA-959896475AB3} = {C7F5FAD7-5846-41E8-B817-98927B8FF41E}
		{D7FEDB19-CF6F-43A4-BD43-1BD8B1CABCA5} = {C7F5FAD7-5846-41E8-B817-98927B8FF41E}
		{DB0DFFD8-5F01-4981-9A38-1C266C298396} = {C7F5FAD7-5846-41E8-B817-98927B8FF41E}
		{A7F610E5-B5A2-4682-85A4-405D5B6587A8} = {0A406C53-22C1-45F7-9419-BB5069BBC171}
		{B9A8DE37-1FFE-4BAE-9E80-C2781D67D9E4} = {DCC34C26-E3F3-446F-BEFA-959896475AB3}
		{D27DE241-D22B-4A07-A738-40C7257D0557} = {D7FEDB19-CF6F-43A4-BD43-1BD8B1CABCA5}
		{5C0AA1F7-E9BD-40E5-86D2-7E0399668BD9} = {DB0DFFD8-5F01-4981-9A38-1C266C298396}
	EndGlobalSection
EndGlobal
